
Microsoft Visual Studio Solution File, Format Version 12.00
# Visual Studio Version 16
VisualStudioVersion = 16.0.29911.84
MinimumVisualStudioVersion = 10.0.40219.1
Project("{FAE04EC0-301F-11D3-BF4B-00C04F79EFBC}") = "NDPOdev3", "NDPOdev3\NDPOdev3.csproj", "{1540580E-AEC8-44F9-9368-FB16F11B7D0E}"
EndProject
Global
	GlobalSection(SolutionConfigurationPlatforms) = preSolution
		Debug|Any CPU = Debug|Any CPU
		Release|Any CPU = Release|Any CPU
	EndGlobalSection
	GlobalSection(ProjectConfigurationPlatforms) = postSolution
		{1540580E-AEC8-44F9-9368-FB16F11B7D0E}.Debug|Any CPU.ActiveCfg = Debug|Any CPU
		{1540580E-AEC8-44F9-9368-FB16F11B7D0E}.Debug|Any CPU.Build.0 = Debug|Any CPU
		{1540580E-AEC8-44F9-9368-FB16F11B7D0E}.Release|Any CPU.ActiveCfg = Release|Any CPU
		{1540580E-AEC8-44F9-9368-FB16F11B7D0E}.Release|Any CPU.Build.0 = Release|Any CPU
	EndGlobalSection
	GlobalSection(SolutionProperties) = preSolution
		HideSolutionNode = FALSE
	EndGlobalSection
	GlobalSection(ExtensibilityGlobals) = postSolution
		SolutionGuid = {78B1BDC0-A203-467A-BBF7-E11B99243071}
	EndGlobalSection
EndGlobal
